
Microsoft Visual Studio Solution File, Format Version 12.00
# Visual Studio Version 16
VisualStudioVersion = 16.0.31702.278
MinimumVisualStudioVersion = 10.0.40219.1
Project("{9A19103F-16F7-4668-BE54-9A1E7A4F7556}") = "WebApiAutores", "WebApiAutores\WebApiAutores.csproj", "{0A147686-DA48-4821-B05B-83D86359752A}"
EndProject
Project("{FAE04EC0-301F-11D3-BF4B-00C04F79EFBC}") = "WebApiAutores.Test", "WebApiAutores.Test\WebApiAutores.Test.csproj", "{84FA9C15-7E37-4407-AF59-F88955E640D7}"
EndProject
Global
	GlobalSection(SolutionConfigurationPlatforms) = preSolution
		Debug|Any CPU = Debug|Any CPU
		Release|Any CPU = Release|Any CPU
	EndGlobalSection
	GlobalSection(ProjectConfigurationPlatforms) = postSolution
		{0A147686-DA48-4821-B05B-83D86359752A}.Debug|Any CPU.ActiveCfg = Debug|Any CPU
		{0A147686-DA48-4821-B05B-83D86359752A}.Debug|Any CPU.Build.0 = Debug|Any CPU
		{0A147686-DA48-4821-B05B-83D86359752A}.Release|Any CPU.ActiveCfg = Release|Any CPU
		{0A147686-DA48-4821-B05B-83D86359752A}.Release|Any CPU.Build.0 = Release|Any CPU
		{84FA9C15-7E37-4407-AF59-F88955E640D7}.Debug|Any CPU.ActiveCfg = Debug|Any CPU
		{84FA9C15-7E37-4407-AF59-F88955E640D7}.Debug|Any CPU.Build.0 = Debug|Any CPU
		{84FA9C15-7E37-4407-AF59-F88955E640D7}.Release|Any CPU.ActiveCfg = Release|Any CPU
		{84FA9C15-7E37-4407-AF59-F88955E640D7}.Release|Any CPU.Build.0 = Release|Any CPU
	EndGlobalSection
	GlobalSection(SolutionProperties) = preSolution
		HideSolutionNode = FALSE
	EndGlobalSection
	GlobalSection(ExtensibilityGlobals) = postSolution
		SolutionGuid = {84CBE672-44E9-44E7-806F-B9ADC659F338}
	EndGlobalSection
EndGlobal
